<?xml version="1.0" encoding="utf-8"?>
<Project ToolsVersion="4.0" xmlns="http://schemas.microsoft.com/developer/msbuild/2003">
  <ItemGroup>
    <ClCompile Include="..\Code\CCamera.cpp">
      <Filter>03. Component\00. Camera</Filter>
    </ClCompile>
    <ClCompile Include="..\Code\CGraphicDev.cpp">
      <Filter>00. GraphicDev</Filter>
    </ClCompile>
    <ClCompile Include="..\Code\CCameraMgr.cpp">
      <Filter>01. Manager\02. CameraMgr</Filter>
    </ClCompile>
    <ClCompile Include="..\Code\CComponent.cpp">
      <Filter>03. Component</Filter>
    </ClCompile>
    <ClCompile Include="..\Code\CFrame.cpp">
      <Filter>01. Manager\01. FrameMgr\Frame</Filter>
    </ClCompile>
    <ClCompile Include="..\Code\CFrameMgr.cpp">
      <Filter>01. Manager\01. FrameMgr</Filter>
    </ClCompile>
    <ClCompile Include="..\Code\CGameObject.cpp">
      <Filter>02. GameObject</Filter>
    </ClCompile>
    <ClCompile Include="..\Code\CInputMgr.cpp">
      <Filter>01. Manager\03. InputMgr</Filter>
    </ClCompile>
    <ClCompile Include="..\Code\CFunction.cpp">
      <Filter>97. Function</Filter>
    </ClCompile>
    <ClCompile Include="..\Code\CLayer.cpp">
      <Filter>05. Layer</Filter>
    </ClCompile>
    <ClCompile Include="..\Code\CModel.cpp">
      <Filter>03. Component\02. Model</Filter>
    </ClCompile>
    <ClCompile Include="..\Code\CPickingMgr.cpp">
      <Filter>01. Manager\05. PickingMgr</Filter>
    </ClCompile>
    <ClCompile Include="..\Code\CRenderMgr.cpp">
      <Filter>01. Manager\06. RenderMgr</Filter>
    </ClCompile>
    <ClCompile Include="..\Code\CResourceMgr.cpp">
      <Filter>01. Manager\07. ResourceMgr</Filter>
    </ClCompile>
    <ClCompile Include="..\Code\CScene.cpp">
      <Filter>04. Scene</Filter>
    </ClCompile>
    <ClCompile Include="..\Code\CSceneMgr.cpp">
      <Filter>01. Manager\04. SceneMgr</Filter>
    </ClCompile>
    <ClCompile Include="..\Code\CTimeMgr.cpp">
      <Filter>01. Manager\00. TimeMgr</Filter>
    </ClCompile>
    <ClCompile Include="..\Code\CTimer.cpp">
      <Filter>01. Manager\00. TimeMgr\Timer</Filter>
    </ClCompile>
    <ClCompile Include="..\Code\CTransform.cpp">
      <Filter>03. Component\01. Transform</Filter>
    </ClCompile>
    <ClCompile Include="..\Code\GUISystem.cpp">
      <Filter>01. Manager\08. GUISystem</Filter>
    </ClCompile>
    <ClCompile Include="..\Code\CMaterial.cpp">
      <Filter>06. Resource\Material</Filter>
    </ClCompile>
    <ClCompile Include="..\Code\CMesh.cpp">
      <Filter>06. Resource\Mesh</Filter>
    </ClCompile>
    <ClCompile Include="..\Code\CTexture.cpp">
      <Filter>06. Resource\Texture</Filter>
    </ClCompile>
    <ClCompile Include="..\Code\CInputSystem.cpp">
      <Filter>03. Component\03. InputSystem</Filter>
    </ClCompile>
    <ClCompile Include="..\Code\CPrefabMgr.cpp">
      <Filter>01. Manager\09. PrefabMgr</Filter>
    </ClCompile>
    <ClCompile Include="..\Code\CPickable.cpp">
      <Filter>03. Component\04. Pickable</Filter>
    </ClCompile>
    <ClCompile Include="..\Code\CEditorSystem.cpp">
      <Filter>01. Manager\10. EditorSystem</Filter>
    </ClCompile>
    <ClCompile Include="..\..\ThirdParty\GUIZMO\ImGuizmo.cpp">
      <Filter>98. ThirdParty\IMGuizmo</Filter>
    </ClCompile>
    <ClCompile Include="..\..\ThirdParty\Imgui\imgui.cpp">
      <Filter>98. ThirdParty\IMGUI</Filter>
    </ClCompile>
    <ClCompile Include="..\..\ThirdParty\Imgui\imgui_draw.cpp">
      <Filter>98. ThirdParty\IMGUI</Filter>
    </ClCompile>
    <ClCompile Include="..\..\ThirdParty\Imgui\imgui_tables.cpp">
      <Filter>98. ThirdParty\IMGUI</Filter>
    </ClCompile>
    <ClCompile Include="..\..\ThirdParty\Imgui\imgui_widgets.cpp">
      <Filter>98. ThirdParty\IMGUI</Filter>
    </ClCompile>
    <ClCompile Include="..\..\ThirdParty\NFD\nfd_common.c">
      <Filter>98. ThirdParty\NFD</Filter>
    </ClCompile>
    <ClCompile Include="..\..\ThirdParty\NFD\nfd_win.cpp">
      <Filter>98. ThirdParty\NFD</Filter>
    </ClCompile>
    <ClCompile Include="..\..\ThirdParty\Imgui\backends\imgui_impl_dx9.cpp">
      <Filter>98. ThirdParty\IMGUI</Filter>
    </ClCompile>
    <ClCompile Include="..\..\ThirdParty\Imgui\backends\imgui_impl_win32.cpp">
      <Filter>98. ThirdParty\IMGUI</Filter>
    </ClCompile>
    <ClCompile Include="..\..\ThirdParty\GUIZMO\GraphEditor.cpp">
      <Filter>98. ThirdParty\IMGuizmo</Filter>
    </ClCompile>
    <ClCompile Include="..\..\ThirdParty\GUIZMO\ImCurveEdit.cpp">
      <Filter>98. ThirdParty\IMGuizmo</Filter>
    </ClCompile>
    <ClCompile Include="..\..\ThirdParty\GUIZMO\ImGradient.cpp">
      <Filter>98. ThirdParty\IMGuizmo</Filter>
    </ClCompile>
    <ClCompile Include="..\..\ThirdParty\GUIZMO\ImSequencer.cpp">
      <Filter>98. ThirdParty\IMGuizmo</Filter>
    </ClCompile>
    <ClCompile Include="..\Code\CShaderMgr.cpp">
      <Filter>01. Manager\11. ShaderMgr</Filter>
    </ClCompile>
  </ItemGroup>
  <ItemGroup>
    <ClInclude Include="..\Header\CCamera.h">
      <Filter>03. Component\00. Camera</Filter>
    </ClInclude>
    <ClInclude Include="..\Header\CGraphicDev.h">
      <Filter>00. GraphicDev</Filter>
    </ClInclude>
    <ClInclude Include="..\Header\Engine_Define.h">
      <Filter>99. Header</Filter>
    </ClInclude>
    <ClInclude Include="..\Header\Engine_Enum.h">
      <Filter>99. Header</Filter>
    </ClInclude>
    <ClInclude Include="..\Header\Engine_Function.h">
      <Filter>99. Header</Filter>
    </ClInclude>
    <ClInclude Include="..\Header\Engine_GUI.h">
      <Filter>99. Header</Filter>
    </ClInclude>
    <ClInclude Include="..\Header\Engine_Macro.h">
      <Filter>99. Header</Filter>
    </ClInclude>
    <ClInclude Include="..\Header\Engine_Struct.h">
      <Filter>99. Header</Filter>
    </ClInclude>
    <ClInclude Include="..\Header\Engine_Typedef.h">
      <Filter>99. Header</Filter>
    </ClInclude>
    <ClInclude Include="..\Header\CCameraMgr.h">
      <Filter>01. Manager\02. CameraMgr</Filter>
    </ClInclude>
    <ClInclude Include="..\Header\CComponent.h">
      <Filter>03. Component</Filter>
    </ClInclude>
    <ClInclude Include="..\Header\CFrame.h">
      <Filter>01. Manager\01. FrameMgr\Frame</Filter>
    </ClInclude>
    <ClInclude Include="..\Header\CFrameMgr.h">
      <Filter>01. Manager\01. FrameMgr</Filter>
    </ClInclude>
    <ClInclude Include="..\Header\CGameObject.h">
      <Filter>02. GameObject</Filter>
    </ClInclude>
    <ClInclude Include="..\Header\CInputMgr.h">
      <Filter>01. Manager\03. InputMgr</Filter>
    </ClInclude>
    <ClInclude Include="..\Header\CFunction.h">
      <Filter>97. Function</Filter>
    </ClInclude>
    <ClInclude Include="..\Header\CLayer.h">
      <Filter>05. Layer</Filter>
    </ClInclude>
    <ClInclude Include="..\Header\CModel.h">
      <Filter>03. Component\02. Model</Filter>
    </ClInclude>
    <ClInclude Include="..\Header\CPickingMgr.h">
      <Filter>01. Manager\05. PickingMgr</Filter>
    </ClInclude>
    <ClInclude Include="..\Header\CRenderMgr.h">
      <Filter>01. Manager\06. RenderMgr</Filter>
    </ClInclude>
    <ClInclude Include="..\Header\CResourceMgr.h">
      <Filter>01. Manager\07. ResourceMgr</Filter>
    </ClInclude>
    <ClInclude Include="..\Header\CScene.h">
      <Filter>04. Scene</Filter>
    </ClInclude>
    <ClInclude Include="..\Header\CSceneMgr.h">
      <Filter>01. Manager\04. SceneMgr</Filter>
    </ClInclude>
    <ClInclude Include="..\Header\CTimeMgr.h">
      <Filter>01. Manager\00. TimeMgr</Filter>
    </ClInclude>
    <ClInclude Include="..\Header\CTimer.h">
      <Filter>01. Manager\00. TimeMgr\Timer</Filter>
    </ClInclude>
    <ClInclude Include="..\Header\CTransform.h">
      <Filter>03. Component\01. Transform</Filter>
    </ClInclude>
    <ClInclude Include="..\Header\GUISystem.h">
      <Filter>01. Manager\08. GUISystem</Filter>
    </ClInclude>
    <ClInclude Include="..\Header\CMaterial.h">
      <Filter>06. Resource\Material</Filter>
    </ClInclude>
    <ClInclude Include="..\Header\CMesh.h">
      <Filter>06. Resource\Mesh</Filter>
    </ClInclude>
    <ClInclude Include="..\Header\CTexture.h">
      <Filter>06. Resource\Texture</Filter>
    </ClInclude>
    <ClInclude Include="..\Header\CInputSystem.h">
      <Filter>03. Component\03. InputSystem</Filter>
    </ClInclude>
    <ClInclude Include="..\Header\CPrefabMgr.h">
      <Filter>01. Manager\09. PrefabMgr</Filter>
    </ClInclude>
    <ClInclude Include="..\Header\CPickable.h">
      <Filter>03. Component\04. Pickable</Filter>
    </ClInclude>
    <ClInclude Include="..\Header\CEditorSystem.h">
      <Filter>01. Manager\10. EditorSystem</Filter>
    </ClInclude>
    <ClInclude Include="..\..\ThirdParty\GUIZMO\ImGuizmo.h">
      <Filter>98. ThirdParty\IMGuizmo</Filter>
    </ClInclude>
    <ClInclude Include="..\..\ThirdParty\Imgui\imgui.h">
      <Filter>98. ThirdParty\IMGUI</Filter>
    </ClInclude>
    <ClInclude Include="..\..\ThirdParty\NFD\nfd_common.h">
      <Filter>98. ThirdParty\NFD</Filter>
    </ClInclude>
    <ClInclude Include="..\..\ThirdParty\NFD\nfd.h">
      <Filter>98. ThirdParty\NFD</Filter>
    </ClInclude>
    <ClInclude Include="..\..\ThirdParty\NFD\common.h">
      <Filter>98. ThirdParty\NFD</Filter>
    </ClInclude>
    <ClInclude Include="..\..\ThirdParty\JSON\json.hpp">
      <Filter>98. ThirdParty\JSON</Filter>
    </ClInclude>
    <ClInclude Include="..\..\ThirdParty\JSON\json_fwd.hpp">
      <Filter>98. ThirdParty\JSON</Filter>
    </ClInclude>
    <ClInclude Include="..\..\ThirdParty\Imgui\backends\imgui_impl_dx9.h">
      <Filter>98. ThirdParty\IMGUI</Filter>
    </ClInclude>
    <ClInclude Include="..\..\ThirdParty\Imgui\backends\imgui_impl_win32.h">
      <Filter>98. ThirdParty\IMGUI</Filter>
    </ClInclude>
    <ClInclude Include="..\..\ThirdParty\GUIZMO\GraphEditor.h">
      <Filter>98. ThirdParty\IMGuizmo</Filter>
    </ClInclude>
    <ClInclude Include="..\..\ThirdParty\GUIZMO\ImCurveEdit.h">
      <Filter>98. ThirdParty\IMGuizmo</Filter>
    </ClInclude>
    <ClInclude Include="..\..\ThirdParty\GUIZMO\ImGradient.h">
      <Filter>98. ThirdParty\IMGuizmo</Filter>
    </ClInclude>
    <ClInclude Include="..\..\ThirdParty\GUIZMO\ImSequencer.h">
      <Filter>98. ThirdParty\IMGuizmo</Filter>
    </ClInclude>
    <ClInclude Include="..\..\ThirdParty\GUIZMO\ImZoomSlider.h">
      <Filter>98. ThirdParty\IMGuizmo</Filter>
    </ClInclude>
    <ClInclude Include="..\Header\CShaderMgr.h">
      <Filter>01. Manager\11. ShaderMgr</Filter>
    </ClInclude>
  </ItemGroup>
  <ItemGroup>
    <Filter Include="00. GraphicDev">
      <UniqueIdentifier>{7cb39b1d-5e98-40e7-8000-ce9ca3508964}</UniqueIdentifier>
    </Filter>
    <Filter Include="99. Header">
      <UniqueIdentifier>{397d2786-6416-48f8-8880-e41781464f89}</UniqueIdentifier>
    </Filter>
    <Filter Include="01. Manager">
      <UniqueIdentifier>{980ea8fb-7987-4d34-a355-effd0ecd9e7d}</UniqueIdentifier>
    </Filter>
    <Filter Include="02. GameObject">
      <UniqueIdentifier>{449de0a4-e803-4014-9a27-beb6fb698ca2}</UniqueIdentifier>
    </Filter>
    <Filter Include="03. Component">
      <UniqueIdentifier>{4f359b2c-10d2-408a-8526-e7eb7664826f}</UniqueIdentifier>
    </Filter>
    <Filter Include="03. Component\00. Camera">
      <UniqueIdentifier>{97da1eea-0927-4965-8e30-2e00fce862de}</UniqueIdentifier>
    </Filter>
    <Filter Include="03. Component\01. Transform">
      <UniqueIdentifier>{232a2ddd-10c6-4f84-9f8b-479e2cfc3a87}</UniqueIdentifier>
    </Filter>
    <Filter Include="01. Manager\01. FrameMgr">
      <UniqueIdentifier>{856c8475-c657-46fb-b7b9-0652b57d4ffe}</UniqueIdentifier>
    </Filter>
    <Filter Include="01. Manager\00. TimeMgr">
      <UniqueIdentifier>{ef78fe43-b50a-4e8c-b3d1-539d7d782541}</UniqueIdentifier>
    </Filter>
    <Filter Include="01. Manager\00. TimeMgr\Timer">
      <UniqueIdentifier>{c4b8d06c-8d83-442f-97b8-6e16762fa984}</UniqueIdentifier>
    </Filter>
    <Filter Include="01. Manager\02. CameraMgr">
      <UniqueIdentifier>{498f26a0-9f8a-4a87-8fea-dc0d985e951e}</UniqueIdentifier>
    </Filter>
    <Filter Include="01. Manager\03. InputMgr">
      <UniqueIdentifier>{5df57a1c-e380-45f9-abe4-e13647ff18ff}</UniqueIdentifier>
    </Filter>
    <Filter Include="01. Manager\04. SceneMgr">
      <UniqueIdentifier>{7b6c27b1-f41d-40c6-a0ad-ee8365569cea}</UniqueIdentifier>
    </Filter>
    <Filter Include="01. Manager\01. FrameMgr\Frame">
      <UniqueIdentifier>{9cf71b45-e7b4-4728-a194-621da1f1a09d}</UniqueIdentifier>
    </Filter>
    <Filter Include="04. Scene">
      <UniqueIdentifier>{b0209ee6-dbe3-48ff-a01a-4b3f65909765}</UniqueIdentifier>
    </Filter>
    <Filter Include="05. Layer">
      <UniqueIdentifier>{f4c70b14-ca1a-465e-b07f-52b3fd18a5d5}</UniqueIdentifier>
    </Filter>
    <Filter Include="06. Resource">
      <UniqueIdentifier>{193774ee-815e-49a4-b87f-82dd11730a28}</UniqueIdentifier>
    </Filter>
    <Filter Include="97. Function">
      <UniqueIdentifier>{af6cc97a-652f-4520-941d-b4037656d401}</UniqueIdentifier>
    </Filter>
    <Filter Include="98. ThirdParty">
      <UniqueIdentifier>{13b0879c-733c-4288-b4a2-beb9a432162b}</UniqueIdentifier>
    </Filter>
    <Filter Include="03. Component\02. Model">
      <UniqueIdentifier>{3721a6a8-8093-4552-8ead-77c6a41c3a63}</UniqueIdentifier>
    </Filter>
    <Filter Include="98. ThirdParty\NFD">
      <UniqueIdentifier>{9a55650b-7b4c-41d8-b098-b53234b3379c}</UniqueIdentifier>
    </Filter>
    <Filter Include="01. Manager\05. PickingMgr">
      <UniqueIdentifier>{734fa5c0-3f3d-4b45-9652-894aadf37426}</UniqueIdentifier>
    </Filter>
    <Filter Include="01. Manager\06. RenderMgr">
      <UniqueIdentifier>{39f80bbf-7427-461e-b65c-6cdf52f3e900}</UniqueIdentifier>
    </Filter>
    <Filter Include="01. Manager\07. ResourceMgr">
      <UniqueIdentifier>{ca6b8c77-0400-4d97-a208-4d401910310c}</UniqueIdentifier>
    </Filter>
    <Filter Include="98. ThirdParty\IMGUI">
      <UniqueIdentifier>{b8dd1f13-1ccd-4559-9079-88cc19869084}</UniqueIdentifier>
    </Filter>
    <Filter Include="01. Manager\08. GUISystem">
      <UniqueIdentifier>{ebb45bdb-6b42-4196-bc19-95202db16457}</UniqueIdentifier>
    </Filter>
    <Filter Include="98. ThirdParty\JSON">
      <UniqueIdentifier>{cb6afa17-8bdd-414d-b04a-8559dd68d4b7}</UniqueIdentifier>
    </Filter>
    <Filter Include="06. Resource\Material">
      <UniqueIdentifier>{076dd176-a601-471b-8b2f-630c18e10de1}</UniqueIdentifier>
    </Filter>
    <Filter Include="06. Resource\Mesh">
      <UniqueIdentifier>{fdf4f8e0-f5ba-4699-94b1-dcbbf1acabb8}</UniqueIdentifier>
    </Filter>
    <Filter Include="06. Resource\Texture">
      <UniqueIdentifier>{7d3b7dc9-a067-4320-a986-f61ee959df76}</UniqueIdentifier>
    </Filter>
    <Filter Include="03. Component\03. InputSystem">
      <UniqueIdentifier>{7c100e09-f94e-4386-93f0-18f4d0c01111}</UniqueIdentifier>
    </Filter>
    <Filter Include="01. Manager\09. PrefabMgr">
      <UniqueIdentifier>{bc389052-942c-4086-b042-b2384adfbd17}</UniqueIdentifier>
    </Filter>
    <Filter Include="03. Component\04. Pickable">
      <UniqueIdentifier>{f8c4f66a-3241-4693-ab18-23da7fa1d21a}</UniqueIdentifier>
    </Filter>
    <Filter Include="01. Manager\10. EditorSystem">
      <UniqueIdentifier>{5a7f6df0-c96f-4710-b174-051fd468b736}</UniqueIdentifier>
    </Filter>
    <Filter Include="98. ThirdParty\IMGuizmo">
      <UniqueIdentifier>{96f8c761-3910-4275-a87a-8a7e68dced37}</UniqueIdentifier>
    </Filter>
    <Filter Include="01. Manager\11. ShaderMgr">
      <UniqueIdentifier>{f3dd5f08-f62e-4f61-88e1-17b48a69dcb8}</UniqueIdentifier>
    </Filter>
  </ItemGroup>
</Project>